
Microsoft Visual Studio Solution File, Format Version 12.00
# Visual Studio Version 17
VisualStudioVersion = 17.4.33205.214
MinimumVisualStudioVersion = 10.0.40219.1
Project("{FAE04EC0-301F-11D3-BF4B-00C04F79EFBC}") = "CodeBlog.MatrixText", "CodeBlog.MatrixText\CodeBlog.MatrixText.csproj", "{D15F783D-D51D-473A-AC62-71AA0061A308}"
EndProject
Global
	GlobalSection(SolutionConfigurationPlatforms) = preSolution
		Debug|Any CPU = Debug|Any CPU
		Release|Any CPU = Release|Any CPU
	EndGlobalSection
	GlobalSection(ProjectConfigurationPlatforms) = postSolution
		{D15F783D-D51D-473A-AC62-71AA0061A308}.Debug|Any CPU.ActiveCfg = Debug|Any CPU
		{D15F783D-D51D-473A-AC62-71AA0061A308}.Debug|Any CPU.Build.0 = Debug|Any CPU
		{D15F783D-D51D-473A-AC62-71AA0061A308}.Release|Any CPU.ActiveCfg = Release|Any CPU
		{D15F783D-D51D-473A-AC62-71AA0061A308}.Release|Any CPU.Build.0 = Release|Any CPU
	EndGlobalSection
	GlobalSection(SolutionProperties) = preSolution
		HideSolutionNode = FALSE
	EndGlobalSection
	GlobalSection(ExtensibilityGlobals) = postSolution
		SolutionGuid = {2CABEBD5-72B1-482D-B45E-311271D3DC57}
	EndGlobalSection
EndGlobal
